
Microsoft Visual Studio Solution File, Format Version 12.00
# Visual Studio Version 17
VisualStudioVersion = 17.4.33205.214
MinimumVisualStudioVersion = 10.0.40219.1
Project("{9A19103F-16F7-4668-BE54-9A1E7A4F7556}") = "PulseService", "PulseService\PulseService.csproj", "{22DC107C-4B2F-4164-A56B-AF10AC503073}"
EndProject
Project("{9A19103F-16F7-4668-BE54-9A1E7A4F7556}") = "PulseService.DatabaseAdapter.Mongo", "PulseService.DatabaseAdapter.Mongo\PulseService.DatabaseAdapter.Mongo.csproj", "{2D99FFCE-8416-4708-B139-5E0FC0FFA059}"
EndProject
Project("{9A19103F-16F7-4668-BE54-9A1E7A4F7556}") = "PulseService.Domain", "PulseService.Domain\PulseService.Domain.csproj", "{8E8F42F9-0A64-4DEC-B838-C3BCB6A011C9}"
EndProject
Project("{9A19103F-16F7-4668-BE54-9A1E7A4F7556}") = "PulseService.Security", "PulseService.Security\PulseService.Security.csproj", "{DB8DA874-C817-4C52-AB9E-38C7890E7560}"
EndProject
Project("{FAE04EC0-301F-11D3-BF4B-00C04F79EFBC}") = "PulseService.Domain.Tests.Unit", "PulseService.Domain.Tests.Unit\PulseService.Domain.Tests.Unit.csproj", "{97B2EB81-17FF-4F27-864C-EA928BB696B3}"
EndProject
Project("{FAE04EC0-301F-11D3-BF4B-00C04F79EFBC}") = "PulseService.DatabaseAdapter.Mongo.Tests.Integration", "PulseService.DatabaseAdapter.Mongo.Tests.Integration\PulseService.DatabaseAdapter.Mongo.Tests.Integration.csproj", "{58A8E78D-6FBB-4B86-8F44-FB8A85B4734A}"
EndProject
Global
	GlobalSection(SolutionConfigurationPlatforms) = preSolution
		Debug|Any CPU = Debug|Any CPU
		Release|Any CPU = Release|Any CPU
	EndGlobalSection
	GlobalSection(ProjectConfigurationPlatforms) = postSolution
		{22DC107C-4B2F-4164-A56B-AF10AC503073}.Debug|Any CPU.ActiveCfg = Debug|Any CPU
		{22DC107C-4B2F-4164-A56B-AF10AC503073}.Debug|Any CPU.Build.0 = Debug|Any CPU
		{22DC107C-4B2F-4164-A56B-AF10AC503073}.Release|Any CPU.ActiveCfg = Release|Any CPU
		{22DC107C-4B2F-4164-A56B-AF10AC503073}.Release|Any CPU.Build.0 = Release|Any CPU
		{2D99FFCE-8416-4708-B139-5E0FC0FFA059}.Debug|Any CPU.ActiveCfg = Debug|Any CPU
		{2D99FFCE-8416-4708-B139-5E0FC0FFA059}.Debug|Any CPU.Build.0 = Debug|Any CPU
		{2D99FFCE-8416-4708-B139-5E0FC0FFA059}.Release|Any CPU.ActiveCfg = Release|Any CPU
		{2D99FFCE-8416-4708-B139-5E0FC0FFA059}.Release|Any CPU.Build.0 = Release|Any CPU
		{8E8F42F9-0A64-4DEC-B838-C3BCB6A011C9}.Debug|Any CPU.ActiveCfg = Debug|Any CPU
		{8E8F42F9-0A64-4DEC-B838-C3BCB6A011C9}.Debug|Any CPU.Build.0 = Debug|Any CPU
		{8E8F42F9-0A64-4DEC-B838-C3BCB6A011C9}.Release|Any CPU.ActiveCfg = Release|Any CPU
		{8E8F42F9-0A64-4DEC-B838-C3BCB6A011C9}.Release|Any CPU.Build.0 = Release|Any CPU
		{DB8DA874-C817-4C52-AB9E-38C7890E7560}.Debug|Any CPU.ActiveCfg = Debug|Any CPU
		{DB8DA874-C817-4C52-AB9E-38C7890E7560}.Debug|Any CPU.Build.0 = Debug|Any CPU
		{DB8DA874-C817-4C52-AB9E-38C7890E7560}.Release|Any CPU.ActiveCfg = Release|Any CPU
		{DB8DA874-C817-4C52-AB9E-38C7890E7560}.Release|Any CPU.Build.0 = Release|Any CPU
		{97B2EB81-17FF-4F27-864C-EA928BB696B3}.Debug|Any CPU.ActiveCfg = Debug|Any CPU
		{97B2EB81-17FF-4F27-864C-EA928BB696B3}.Debug|Any CPU.Build.0 = Debug|Any CPU
		{97B2EB81-17FF-4F27-864C-EA928BB696B3}.Release|Any CPU.ActiveCfg = Release|Any CPU
		{97B2EB81-17FF-4F27-864C-EA928BB696B3}.Release|Any CPU.Build.0 = Release|Any CPU
		{58A8E78D-6FBB-4B86-8F44-FB8A85B4734A}.Debug|Any CPU.ActiveCfg = Debug|Any CPU
		{58A8E78D-6FBB-4B86-8F44-FB8A85B4734A}.Debug|Any CPU.Build.0 = Debug|Any CPU
		{58A8E78D-6FBB-4B86-8F44-FB8A85B4734A}.Release|Any CPU.ActiveCfg = Release|Any CPU
		{58A8E78D-6FBB-4B86-8F44-FB8A85B4734A}.Release|Any CPU.Build.0 = Release|Any CPU
	EndGlobalSection
	GlobalSection(SolutionProperties) = preSolution
		HideSolutionNode = FALSE
	EndGlobalSection
	GlobalSection(ExtensibilityGlobals) = postSolution
		SolutionGuid = {2C339FA6-1536-42EB-8334-A0EF4C8B938D}
	EndGlobalSection
EndGlobal
